
Microsoft Visual Studio Solution File, Format Version 12.00
# Visual Studio Version 17
VisualStudioVersion = 17.3.32825.248
MinimumVisualStudioVersion = 10.0.40219.1
Project("{9A19103F-16F7-4668-BE54-9A1E7A4F7556}") = "Skillbox CSharp Task 1", "Skillbox CSharp Task1\Skillbox CSharp Task 1.csproj", "{6B09CD77-24F2-46AF-849E-8C985748E7BE}"
EndProject
Global
	GlobalSection(SolutionConfigurationPlatforms) = preSolution
		Debug|Any CPU = Debug|Any CPU
		Release|Any CPU = Release|Any CPU
	EndGlobalSection
	GlobalSection(ProjectConfigurationPlatforms) = postSolution
		{6B09CD77-24F2-46AF-849E-8C985748E7BE}.Debug|Any CPU.ActiveCfg = Debug|Any CPU
		{6B09CD77-24F2-46AF-849E-8C985748E7BE}.Debug|Any CPU.Build.0 = Debug|Any CPU
		{6B09CD77-24F2-46AF-849E-8C985748E7BE}.Release|Any CPU.ActiveCfg = Release|Any CPU
		{6B09CD77-24F2-46AF-849E-8C985748E7BE}.Release|Any CPU.Build.0 = Release|Any CPU
	EndGlobalSection
	GlobalSection(SolutionProperties) = preSolution
		HideSolutionNode = FALSE
	EndGlobalSection
	GlobalSection(ExtensibilityGlobals) = postSolution
		SolutionGuid = {01AF0A6D-D230-4650-AA76-313A6E7ADD4F}
	EndGlobalSection
EndGlobal
